
Microsoft Visual Studio Solution File, Format Version 12.00
# Visual Studio Version 17
VisualStudioVersion = 17.9.34723.18
MinimumVisualStudioVersion = 10.0.40219.1
Project("{9A19103F-16F7-4668-BE54-9A1E7A4F7556}") = "Forum.Server", "Forum.Server\Forum.Server.csproj", "{00102A3A-C4D2-4CB4-8D7B-FCADFD097E84}"
EndProject
Project("{54A90642-561A-4BB1-A94E-469ADEE60C69}") = "forum.client", "forum.client\forum.client.esproj", "{BCD609AB-D1E5-48AB-AD1E-0C855ABED26C}"
EndProject
Project("{FAE04EC0-301F-11D3-BF4B-00C04F79EFBC}") = "Forum.Domain", "Forum.Domain\Forum.Domain.csproj", "{F83D37F0-4F17-418D-BAAD-98B063C71F77}"
EndProject
Project("{FAE04EC0-301F-11D3-BF4B-00C04F79EFBC}") = "Forum.Logic", "Forum.Logic\Forum.Logic.csproj", "{2E990194-5A29-4DAF-AFF6-13C261ED738F}"
EndProject
Project("{FAE04EC0-301F-11D3-BF4B-00C04F79EFBC}") = "Forum.Infrastructure", "Forum.Infrastructure\Forum.Infrastructure.csproj", "{60D97530-AD1B-465D-9529-E95CF4A03FDE}"
EndProject
Global
	GlobalSection(SolutionConfigurationPlatforms) = preSolution
		Debug|Any CPU = Debug|Any CPU
		Release|Any CPU = Release|Any CPU
	EndGlobalSection
	GlobalSection(ProjectConfigurationPlatforms) = postSolution
		{00102A3A-C4D2-4CB4-8D7B-FCADFD097E84}.Debug|Any CPU.ActiveCfg = Debug|Any CPU
		{00102A3A-C4D2-4CB4-8D7B-FCADFD097E84}.Debug|Any CPU.Build.0 = Debug|Any CPU
		{00102A3A-C4D2-4CB4-8D7B-FCADFD097E84}.Release|Any CPU.ActiveCfg = Release|Any CPU
		{00102A3A-C4D2-4CB4-8D7B-FCADFD097E84}.Release|Any CPU.Build.0 = Release|Any CPU
		{BCD609AB-D1E5-48AB-AD1E-0C855ABED26C}.Debug|Any CPU.ActiveCfg = Debug|Any CPU
		{BCD609AB-D1E5-48AB-AD1E-0C855ABED26C}.Debug|Any CPU.Build.0 = Debug|Any CPU
		{BCD609AB-D1E5-48AB-AD1E-0C855ABED26C}.Debug|Any CPU.Deploy.0 = Debug|Any CPU
		{BCD609AB-D1E5-48AB-AD1E-0C855ABED26C}.Release|Any CPU.ActiveCfg = Release|Any CPU
		{BCD609AB-D1E5-48AB-AD1E-0C855ABED26C}.Release|Any CPU.Build.0 = Release|Any CPU
		{BCD609AB-D1E5-48AB-AD1E-0C855ABED26C}.Release|Any CPU.Deploy.0 = Release|Any CPU
		{F83D37F0-4F17-418D-BAAD-98B063C71F77}.Debug|Any CPU.ActiveCfg = Debug|Any CPU
		{F83D37F0-4F17-418D-BAAD-98B063C71F77}.Debug|Any CPU.Build.0 = Debug|Any CPU
		{F83D37F0-4F17-418D-BAAD-98B063C71F77}.Release|Any CPU.ActiveCfg = Release|Any CPU
		{F83D37F0-4F17-418D-BAAD-98B063C71F77}.Release|Any CPU.Build.0 = Release|Any CPU
		{2E990194-5A29-4DAF-AFF6-13C261ED738F}.Debug|Any CPU.ActiveCfg = Debug|Any CPU
		{2E990194-5A29-4DAF-AFF6-13C261ED738F}.Debug|Any CPU.Build.0 = Debug|Any CPU
		{2E990194-5A29-4DAF-AFF6-13C261ED738F}.Release|Any CPU.ActiveCfg = Release|Any CPU
		{2E990194-5A29-4DAF-AFF6-13C261ED738F}.Release|Any CPU.Build.0 = Release|Any CPU
		{60D97530-AD1B-465D-9529-E95CF4A03FDE}.Debug|Any CPU.ActiveCfg = Debug|Any CPU
		{60D97530-AD1B-465D-9529-E95CF4A03FDE}.Debug|Any CPU.Build.0 = Debug|Any CPU
		{60D97530-AD1B-465D-9529-E95CF4A03FDE}.Release|Any CPU.ActiveCfg = Release|Any CPU
		{60D97530-AD1B-465D-9529-E95CF4A03FDE}.Release|Any CPU.Build.0 = Release|Any CPU
	EndGlobalSection
	GlobalSection(SolutionProperties) = preSolution
		HideSolutionNode = FALSE
	EndGlobalSection
	GlobalSection(ExtensibilityGlobals) = postSolution
		SolutionGuid = {0F7B2ACC-9E65-4D1A-9F56-066BB0D039BF}
	EndGlobalSection
EndGlobal
